
Microsoft Visual Studio Solution File, Format Version 12.00
# Visual Studio 15
VisualStudioVersion = 15.0.28010.2026
MinimumVisualStudioVersion = 10.0.40219.1
Project("{FAE04EC0-301F-11D3-BF4B-00C04F79EFBC}") = "ConsoleApplication", "ConsoleApplication\ConsoleApplication.csproj", "{9A597C81-5BB2-4CBE-AD4B-A21CB71D73DB}"
EndProject
Global
	GlobalSection(SolutionConfigurationPlatforms) = preSolution
		Debug|Any CPU = Debug|Any CPU
		Release|Any CPU = Release|Any CPU
	EndGlobalSection
	GlobalSection(ProjectConfigurationPlatforms) = postSolution
		{9A597C81-5BB2-4CBE-AD4B-A21CB71D73DB}.Debug|Any CPU.ActiveCfg = Debug|Any CPU
		{9A597C81-5BB2-4CBE-AD4B-A21CB71D73DB}.Debug|Any CPU.Build.0 = Debug|Any CPU
		{9A597C81-5BB2-4CBE-AD4B-A21CB71D73DB}.Release|Any CPU.ActiveCfg = Release|Any CPU
		{9A597C81-5BB2-4CBE-AD4B-A21CB71D73DB}.Release|Any CPU.Build.0 = Release|Any CPU
	EndGlobalSection
	GlobalSection(SolutionProperties) = preSolution
		HideSolutionNode = FALSE
	EndGlobalSection
	GlobalSection(ExtensibilityGlobals) = postSolution
		SolutionGuid = {4F277231-D0FF-4B0D-8F91-13E1E6DEBEAD}
	EndGlobalSection
EndGlobal
